
Microsoft Visual Studio Solution File, Format Version 12.00
# Visual Studio Version 17
VisualStudioVersion = 17.14.36511.14 d17.14
MinimumVisualStudioVersion = 10.0.40219.1
Project("{54A90642-561A-4BB1-A94E-469ADEE60C69}") = "violetta-motivation-app", "violetta-motivation-app\violetta-motivation-app.esproj", "{0FF16F89-B4AC-B1E7-4A5E-6B7C0F301C50}"
EndProject
Global
	GlobalSection(SolutionConfigurationPlatforms) = preSolution
		Debug|Any CPU = Debug|Any CPU
		Release|Any CPU = Release|Any CPU
	EndGlobalSection
	GlobalSection(ProjectConfigurationPlatforms) = postSolution
		{0FF16F89-B4AC-B1E7-4A5E-6B7C0F301C50}.Debug|Any CPU.ActiveCfg = Debug|Any CPU
		{0FF16F89-B4AC-B1E7-4A5E-6B7C0F301C50}.Debug|Any CPU.Build.0 = Debug|Any CPU
		{0FF16F89-B4AC-B1E7-4A5E-6B7C0F301C50}.Debug|Any CPU.Deploy.0 = Debug|Any CPU
		{0FF16F89-B4AC-B1E7-4A5E-6B7C0F301C50}.Release|Any CPU.ActiveCfg = Release|Any CPU
		{0FF16F89-B4AC-B1E7-4A5E-6B7C0F301C50}.Release|Any CPU.Build.0 = Release|Any CPU
		{0FF16F89-B4AC-B1E7-4A5E-6B7C0F301C50}.Release|Any CPU.Deploy.0 = Release|Any CPU
	EndGlobalSection
	GlobalSection(SolutionProperties) = preSolution
		HideSolutionNode = FALSE
	EndGlobalSection
	GlobalSection(ExtensibilityGlobals) = postSolution
		SolutionGuid = {FBCE640D-E472-4964-AADB-24856D272509}
	EndGlobalSection
EndGlobal
